{
  "nodes": {
    "nixpkgs": {
      "locked": {
        "lastModified": 1768032153,
        "narHash": "sha256-6kD1MdY9fsE6FgSwdnx29hdH2UcBKs3/+JJleMShuJg=",
        "owner": "NixOS",
        "repo": "nixpkgs",
        "rev": "3146c6aa9995e7351a398e17470e15305e6e18ff",
        "type": "github"
      },
      "original": {
        "owner": "NixOS",
        "ref": "nixpkgs-unstable",
        "repo": "nixpkgs",
        "type": "github"
      }
    },
    "root": {
      "inputs": {
        "nixpkgs": "nixpkgs",
        "zmk-nix": "zmk-nix"
      }
    },
    "zmk-nix": {
      "inputs": {
        "nixpkgs": [
          "nixpkgs"
        ]
      },
      "locked": {
        "lastModified": 1768090500,
        "narHash": "sha256-xaqHvYaOQN39Vp4r14CG1SpmGBD3/wRf9Ckfv39LJq8=",
        "owner": "lilyinstarlight",
        "repo": "zmk-nix",
        "rev": "854517035cef424cc38765f1cb8fe8a1d76998fc",
        "type": "github"
      },
      "original": {
        "owner": "lilyinstarlight",
        "repo": "zmk-nix",
        "type": "github"
      }
    }
  },
  "root": "root",
  "version": 7
}
